
Microsoft Visual Studio Solution File, Format Version 12.00
# Visual Studio Version 17
VisualStudioVersion = 17.5.33627.172
MinimumVisualStudioVersion = 10.0.40219.1
Project("{FAE04EC0-301F-11D3-BF4B-00C04F79EFBC}") = "Day4", "Day4.csproj", "{B235760B-9F51-4400-90E7-9696C2AF6892}"
EndProject
Global
	GlobalSection(SolutionConfigurationPlatforms) = preSolution
		Debug|Any CPU = Debug|Any CPU
		Release|Any CPU = Release|Any CPU
	EndGlobalSection
	GlobalSection(ProjectConfigurationPlatforms) = postSolution
		{B235760B-9F51-4400-90E7-9696C2AF6892}.Debug|Any CPU.ActiveCfg = Debug|Any CPU
		{B235760B-9F51-4400-90E7-9696C2AF6892}.Debug|Any CPU.Build.0 = Debug|Any CPU
		{B235760B-9F51-4400-90E7-9696C2AF6892}.Release|Any CPU.ActiveCfg = Release|Any CPU
		{B235760B-9F51-4400-90E7-9696C2AF6892}.Release|Any CPU.Build.0 = Release|Any CPU
	EndGlobalSection
	GlobalSection(SolutionProperties) = preSolution
		HideSolutionNode = FALSE
	EndGlobalSection
	GlobalSection(ExtensibilityGlobals) = postSolution
		SolutionGuid = {45854618-58B6-43AF-A0E9-F4A5FCDC4C47}
	EndGlobalSection
EndGlobal
