
Microsoft Visual Studio Solution File, Format Version 12.00
# Visual Studio Version 17
VisualStudioVersion = 17.5.33627.172
MinimumVisualStudioVersion = 10.0.40219.1
Project("{FAE04EC0-301F-11D3-BF4B-00C04F79EFBC}") = "Day3", "Day3.csproj", "{BAB9F22B-8942-43E5-ABB8-B61D032D1A98}"
EndProject
Global
	GlobalSection(SolutionConfigurationPlatforms) = preSolution
		Debug|Any CPU = Debug|Any CPU
		Release|Any CPU = Release|Any CPU
	EndGlobalSection
	GlobalSection(ProjectConfigurationPlatforms) = postSolution
		{BAB9F22B-8942-43E5-ABB8-B61D032D1A98}.Debug|Any CPU.ActiveCfg = Debug|Any CPU
		{BAB9F22B-8942-43E5-ABB8-B61D032D1A98}.Debug|Any CPU.Build.0 = Debug|Any CPU
		{BAB9F22B-8942-43E5-ABB8-B61D032D1A98}.Release|Any CPU.ActiveCfg = Release|Any CPU
		{BAB9F22B-8942-43E5-ABB8-B61D032D1A98}.Release|Any CPU.Build.0 = Release|Any CPU
	EndGlobalSection
	GlobalSection(SolutionProperties) = preSolution
		HideSolutionNode = FALSE
	EndGlobalSection
	GlobalSection(ExtensibilityGlobals) = postSolution
		SolutionGuid = {138FD4B6-BBD4-4D26-89C3-FC01DB2D29D5}
	EndGlobalSection
EndGlobal
